// !$*UTF8*$!
{
	archiveVersion = 1;
	classes = {
	};
	objectVersion = 50;
	objects = {

/* Begin PBXBuildFile section */
		C44247CB23B423830077689D /* AppDelegate.swift in Sources */ = {isa = PBXBuildFile; fileRef = C44247CA23B423830077689D /* AppDelegate.swift */; };
		C44247CD23B423830077689D /* SceneDelegate.swift in Sources */ = {isa = PBXBuildFile; fileRef = C44247CC23B423830077689D /* SceneDelegate.swift */; };
		C44247CF23B423830077689D /* ViewController.swift in Sources */ = {isa = PBXBuildFile; fileRef = C44247CE23B423830077689D /* ViewController.swift */; };
		C44247D223B423830077689D /* Main.storyboard in Resources */ = {isa = PBXBuildFile; fileRef = C44247D023B423830077689D /* Main.storyboard */; };
		C44247D423B423840077689D /* Assets.xcassets in Resources */ = {isa = PBXBuildFile; fileRef = C44247D323B423840077689D /* Assets.xcassets */; };
		C44247D723B423840077689D /* LaunchScreen.storyboard in Resources */ = {isa = PBXBuildFile; fileRef = C44247D523B423840077689D /* LaunchScreen.storyboard */; };
		C47F7C8E23B7AF39004DC7A1 /* StartScreenViewController.swift in Sources */ = {isa = PBXBuildFile; fileRef = C47F7C8D23B7AF39004DC7A1 /* StartScreenViewController.swift */; };
/* End PBXBuildFile section */

/* Begin PBXFileReference section */
		C44247C723B423830077689D /* ReactionTime.app */ = {isa = PBXFileReference; explicitFileType = wrapper.application; includeInIndex = 0; path = ReactionTime.app; sourceTree = BUILT_PRODUCTS_DIR; };
		C44247CA23B423830077689D /* AppDelegate.swift */ = {isa = PBXFileReference; lastKnownFileType = sourcecode.swift; path = AppDelegate.swift; sourceTree = "<group>"; };
		C44247CC23B423830077689D /* SceneDelegate.swift */ = {isa = PBXFileReference; lastKnownFileType = sourcecode.swift; path = SceneDelegate.swift; sourceTree = "<group>"; };
		C44247CE23B423830077689D /* ViewController.swift */ = {isa = PBXFileReference; lastKnownFileType = sourcecode.swift; path = ViewController.swift; sourceTree = "<group>"; };
		C44247D123B423830077689D /* Base */ = {isa = PBXFileReference; lastKnownFileType = file.storyboard; name = Base; path = Base.lproj/Main.storyboard; sourceTree = "<group>"; };
		C44247D323B423840077689D /* Assets.xcassets */ = {isa = PBXFileReference; lastKnownFileType = folder.assetcatalog; path = Assets.xcassets; sourceTree = "<group>"; };
		C44247D623B423840077689D /* Base */ = {isa = PBXFileReference; lastKnownFileType = file.storyboard; name = Base; path = Base.lproj/LaunchScreen.storyboard; sourceTree = "<group>"; };
		C44247D823B423840077689D /* Info.plist */ = {isa = PBXFileReference; lastKnownFileType = text.plist.xml; path = Info.plist; sourceTree = "<group>"; };
		C47F7C8D23B7AF39004DC7A1 /* StartScreenViewController.swift */ = {isa = PBXFileReference; lastKnownFileType = sourcecode.swift; path = StartScreenViewController.swift; sourceTree = "<group>"; };
/* End PBXFileReference section */

/* Begin PBXFrameworksBuildPhase section */
		C44247C423B423830077689D /* Frameworks */ = {
			isa = PBXFrameworksBuildPhase;
			buildActionMask = 2147483647;
			files = (
			);
			runOnlyForDeploymentPostprocessing = 0;
		};
/* End PBXFrameworksBuildPhase section */

/* Begin PBXGroup section */
		C44247BE23B423830077689D = {
			isa = PBXGroup;
			children = (
				C44247C923B423830077689D /* ReactionTime */,
				C44247C823B423830077689D /* Products */,
			);
			sourceTree = "<group>";
		};
		C44247C823B423830077689D /* Products */ = {
			isa = PBXGroup;
			children = (
				C44247C723B423830077689D /* ReactionTime.app */,
			);
			name = Products;
			sourceTree = "<group>";
		};
		C44247C923B423830077689D /* ReactionTime */ = {
			isa = PBXGroup;
			children = (
				C47F7C8623B7A0DC004DC7A1 /* View */,
				C44247CA23B423830077689D /* AppDelegate.swift */,
				C44247CC23B423830077689D /* SceneDelegate.swift */,
				C44247D023B423830077689D /* Main.storyboard */,
				C44247D323B423840077689D /* Assets.xcassets */,
				C44247D523B423840077689D /* LaunchScreen.storyboard */,
				C44247D823B423840077689D /* Info.plist */,
			);
			path = ReactionTime;
			sourceTree = "<group>";
		};
		C47F7C8623B7A0DC004DC7A1 /* View */ = {
			isa = PBXGroup;
			children = (
				C44247CE23B423830077689D /* ViewController.swift */,
				C47F7C8D23B7AF39004DC7A1 /* StartScreenViewController.swift */,
			);
			path = View;
			sourceTree = "<group>";
		};
/* End PBXGroup section */

/* Begin PBXNativeTarget section */
		C44247C623B423830077689D /* ReactionTime */ = {
			isa = PBXNativeTarget;
			buildConfigurationList = C44247DB23B423840077689D /* Build configuration list for PBXNativeTarget "ReactionTime" */;
			buildPhases = (
				C44247C323B423830077689D /* Sources */,
				C44247C423B423830077689D /* Frameworks */,
				C44247C523B423830077689D /* Resources */,
			);
			buildRules = (
			);
			dependencies = (
			);
			name = ReactionTime;
			productName = ReactionTime;
			productReference = C44247C723B423830077689D /* ReactionTime.app */;
			productType = "com.apple.product-type.application";
		};
/* End PBXNativeTarget section */

/* Begin PBXProject section */
		C44247BF23B423830077689D /* Project object */ = {
			isa = PBXProject;
			attributes = {
				LastSwiftUpdateCheck = 1130;
				LastUpgradeCheck = 1130;
				ORGANIZATIONNAME = "Raul de Avila JR";
				TargetAttributes = {
					C44247C623B423830077689D = {
						CreatedOnToolsVersion = 11.3;
					};
				};
			};
			buildConfigurationList = C44247C223B423830077689D /* Build configuration list for PBXProject "ReactionTime" */;
			compatibilityVersion = "Xcode 9.3";
			developmentRegion = en;
			hasScannedForEncodings = 0;
			knownRegions = (
				en,
				Base,
			);
			mainGroup = C44247BE23B423830077689D;
			productRefGroup = C44247C823B423830077689D /* Products */;
			projectDirPath = "";
			projectRoot = "";
			targets = (
				C44247C623B423830077689D /* ReactionTime */,
			);
		};
/* End PBXProject section */

/* Begin PBXResourcesBuildPhase section */
		C44247C523B423830077689D /* Resources */ = {
			isa = PBXResourcesBuildPhase;
			buildActionMask = 2147483647;
			files = (
				C44247D723B423840077689D /* LaunchScreen.storyboard in Resources */,
				C44247D423B423840077689D /* Assets.xcassets in Resources */,
				C44247D223B423830077689D /* Main.storyboard in Resources */,
			);
			runOnlyForDeploymentPostprocessing = 0;
		};
/* End PBXResourcesBuildPhase section */

/* Begin PBXSourcesBuildPhase section */
		C44247C323B423830077689D /* Sources */ = {
			isa = PBXSourcesBuildPhase;
			buildActionMask = 2147483647;
			files = (
				C44247CF23B423830077689D /* ViewController.swift in Sources */,
				C44247CB23B423830077689D /* AppDelegate.swift in Sources */,
				C44247CD23B423830077689D /* SceneDelegate.swift in Sources */,
				C47F7C8E23B7AF39004DC7A1 /* StartScreenViewController.swift in Sources */,
			);
			runOnlyForDeploymentPostprocessing = 0;
		};
/* End PBXSourcesBuildPhase section */

/* Begin PBXVariantGroup section */
		C44247D023B423830077689D /* Main.storyboard */ = {
			isa = PBXVariantGroup;
			children = (
				C44247D123B423830077689D /* Base */,
			);
			name = Main.storyboard;
			sourceTree = "<group>";
		};
		C44247D523B423840077689D /* LaunchScreen.storyboard */ = {
			isa = PBXVariantGroup;
			children = (
				C44247D623B423840077689D /* Base */,
			);
			name = LaunchScreen.storyboard;
			sourceTree = "<group>";
		};
/* End PBXVariantGroup section */

/* Begin XCBuildConfiguration section */
		C44247D923B423840077689D /* Debug */ = {
			isa = XCBuildConfiguration;
			buildSettings = {
				ALWAYS_SEARCH_USER_PATHS = NO;
				CLANG_ANALYZER_NONNULL = YES;
				CLANG_ANALYZER_NUMBER_OBJECT_CONVERSION = YES_AGGRESSIVE;
				CLANG_CXX_LANGUAGE_STANDARD = "gnu++14";
				CLANG_CXX_LIBRARY = "libc++";
				CLANG_ENABLE_MODULES = YES;
				CLANG_ENABLE_OBJC_ARC = YES;
				CLANG_ENABLE_OBJC_WEAK = YES;
				CLANG_WARN_BLOCK_CAPTURE_AUTORELEASING = YES;
				CLANG_WARN_BOOL_CONVERSION = YES;
				CLANG_WARN_COMMA = YES;
				CLANG_WARN_CONSTANT_CONVERSION = YES;
				CLANG_WARN_DEPRECATED_OBJC_IMPLEMENTATIONS = YES;
				CLANG_WARN_DIRECT_OBJC_ISA_USAGE = YES_ERROR;
				CLANG_WARN_DOCUMENTATION_COMMENTS = YES;
				CLANG_WARN_EMPTY_BODY = YES;
				CLANG_WARN_ENUM_CONVERSION = YES;
				CLANG_WARN_INFINITE_RECURSION = YES;
				CLANG_WARN_INT_CONVERSION = YES;
				CLANG_WARN_NON_LITERAL_NULL_CONVERSION = YES;
				CLANG_WARN_OBJC_IMPLICIT_RETAIN_SELF = YES;
				CLANG_WARN_OBJC_LITERAL_CONVERSION = YES;
				CLANG_WARN_OBJC_ROOT_CLASS = YES_ERROR;
				CLANG_WARN_RANGE_LOOP_ANALYSIS = YES;
				CLANG_WARN_STRICT_PROTOTYPES = YES;
				CLANG_WARN_SUSPICIOUS_MOVE = YES;
				CLANG_WARN_UNGUARDED_AVAILABILITY = YES_AGGRESSIVE;
				CLANG_WARN_UNREACHABLE_CODE = YES;
				CLANG_WARN__DUPLICATE_METHOD_MATCH = YES;
				COPY_PHASE_STRIP = NO;
				DEBUG_INFORMATION_FORMAT = dwarf;
				ENABLE_STRICT_OBJC_MSGSEND = YES;
				ENABLE_TESTABILITY = YES;
				GCC_C_LANGUAGE_STANDARD = gnu11;
				GCC_DYNAMIC_NO_PIC = NO;
				GCC_NO_COMMON_BLOCKS = YES;
				GCC_OPTIMIZATION_LEVEL = 0;
				GCC_PREPROCESSOR_DEFINITIONS = (
					"DEBUG=1",
					"$(inherited)",
				);
				GCC_WARN_64_TO_32_BIT_CONVERSION = YES;
				GCC_WARN_ABOUT_RETURN_TYPE = YES_ERROR;
				GCC_WARN_UNDECLARED_SELECTOR = YES;
				GCC_WARN_UNINITIALIZED_AUTOS = YES_AGGRESSIVE;
				GCC_WARN_UNUSED_FUNCTION = YES;
				GCC_WARN_UNUSED_VARIABLE = YES;
				IPHONEOS_DEPLOYMENT_TARGET = 13.2;
				MTL_ENABLE_DEBUG_INFO = INCLUDE_SOURCE;
				MTL_FAST_MATH = YES;
				ONLY_ACTIVE_ARCH = YES;
				SDKROOT = iphoneos;
				SWIFT_ACTIVE_COMPILATION_CONDITIONS = DEBUG;
				SWIFT_OPTIMIZATION_LEVEL = "-Onone";
			};
			name = Debug;
		};
		C44247DA23B423840077689D /* Release */ = {
			isa = XCBuildConfiguration;
			buildSettings = {
				ALWAYS_SEARCH_USER_PATHS = NO;
				CLANG_ANALYZER_NONNULL = YES;
				CLANG_ANALYZER_NUMBER_OBJECT_CONVERSION = YES_AGGRESSIVE;
				CLANG_CXX_LANGUAGE_STANDARD = "gnu++14";
				CLANG_CXX_LIBRARY = "libc++";
				CLANG_ENABLE_MODULES = YES;
				CLANG_ENABLE_OBJC_ARC = YES;
				CLANG_ENABLE_OBJC_WEAK = YES;
				CLANG_WARN_BLOCK_CAPTURE_AUTORELEASING = YES;
				CLANG_WARN_BOOL_CONVERSION = YES;
				CLANG_WARN_COMMA = YES;
				CLANG_WARN_CONSTANT_CONVERSION = YES;
				CLANG_WARN_DEPRECATED_OBJC_IMPLEMENTATIONS = YES;
				CLANG_WARN_DIRECT_OBJC_ISA_USAGE = YES_ERROR;
				CLANG_WARN_DOCUMENTATION_COMMENTS = YES;
				CLANG_WARN_EMPTY_BODY = YES;
				CLANG_WARN_ENUM_CONVERSION = YES;
				CLANG_WARN_INFINITE_RECURSION = YES;
				CLANG_WARN_INT_CONVERSION = YES;
				CLANG_WARN_NON_LITERAL_NULL_CONVERSION = YES;
				CLANG_WARN_OBJC_IMPLICIT_RETAIN_SELF = YES;
				CLANG_WARN_OBJC_LITERAL_CONVERSION = YES;
				CLANG_WARN_OBJC_ROOT_CLASS = YES_ERROR;
				CLANG_WARN_RANGE_LOOP_ANALYSIS = YES;
				CLANG_WARN_STRICT_PROTOTYPES = YES;
				CLANG_WARN_SUSPICIOUS_MOVE = YES;
				CLANG_WARN_UNGUARDED_AVAILABILITY = YES_AGGRESSIVE;
				CLANG_WARN_UNREACHABLE_CODE = YES;
				CLANG_WARN__DUPLICATE_METHOD_MATCH = YES;
				COPY_PHASE_STRIP = NO;
				DEBUG_INFORMATION_FORMAT = "dwarf-with-dsym";
				ENABLE_NS_ASSERTIONS = NO;
				ENABLE_STRICT_OBJC_MSGSEND = YES;
				GCC_C_LANGUAGE_STANDARD = gnu11;
				GCC_NO_COMMON_BLOCKS = YES;
				GCC_WARN_64_TO_32_BIT_CONVERSION = YES;
				GCC_WARN_ABOUT_RETURN_TYPE = YES_ERROR;
				GCC_WARN_UNDECLARED_SELECTOR = YES;
				GCC_WARN_UNINITIALIZED_AUTOS = YES_AGGRESSIVE;
				GCC_WARN_UNUSED_FUNCTION = YES;
				GCC_WARN_UNUSED_VARIABLE = YES;
				IPHONEOS_DEPLOYMENT_TARGET = 13.2;
				MTL_ENABLE_DEBUG_INFO = NO;
				MTL_FAST_MATH = YES;
				SDKROOT = iphoneos;
				SWIFT_COMPILATION_MODE = wholemodule;
				SWIFT_OPTIMIZATION_LEVEL = "-O";
				VALIDATE_PRODUCT = YES;
			};
			name = Release;
		};
		C44247DC23B423840077689D /* Debug */ = {
			isa = XCBuildConfiguration;
			buildSettings = {
				ASSETCATALOG_COMPILER_APPICON_NAME = AppIcon;
				CODE_SIGN_STYLE = Automatic;
				DEVELOPMENT_TEAM = SL5C42S46R;
				INFOPLIST_FILE = ReactionTime/Info.plist;
				LD_RUNPATH_SEARCH_PATHS = (
					"$(inherited)",
					"@executable_path/Frameworks",
				);
				PRODUCT_BUNDLE_IDENTIFIER = com.rauldeavila.ReactionTime;
				PRODUCT_NAME = "$(TARGET_NAME)";
				SWIFT_VERSION = 5.0;
				TARGETED_DEVICE_FAMILY = "1,2";
			};
			name = Debug;
		};
		C44247DD23B423840077689D /* Release */ = {
			isa = XCBuildConfiguration;
			buildSettings = {
				ASSETCATALOG_COMPILER_APPICON_NAME = AppIcon;
				CODE_SIGN_STYLE = Automatic;
				DEVELOPMENT_TEAM = SL5C42S46R;
				INFOPLIST_FILE = ReactionTime/Info.plist;
				LD_RUNPATH_SEARCH_PATHS = (
					"$(inherited)",
					"@executable_path/Frameworks",
				);
				PRODUCT_BUNDLE_IDENTIFIER = com.rauldeavila.ReactionTime;
				PRODUCT_NAME = "$(TARGET_NAME)";
				SWIFT_VERSION = 5.0;
				TARGETED_DEVICE_FAMILY = "1,2";
			};
			name = Release;
		};
/* End XCBuildConfiguration section */

/* Begin XCConfigurationList section */
		C44247C223B423830077689D /* Build configuration list for PBXProject "ReactionTime" */ = {
			isa = XCConfigurationList;
			buildConfigurations = (
				C44247D923B423840077689D /* Debug */,
				C44247DA23B423840077689D /* Release */,
			);
			defaultConfigurationIsVisible = 0;
			defaultConfigurationName = Release;
		};
		C44247DB23B423840077689D /* Build configuration list for PBXNativeTarget "ReactionTime" */ = {
			isa = XCConfigurationList;
			buildConfigurations = (
				C44247DC23B423840077689D /* Debug */,
				C44247DD23B423840077689D /* Release */,
			);
			defaultConfigurationIsVisible = 0;
			defaultConfigurationName = Release;
		};
/* End XCConfigurationList section */
	};
	rootObject = C44247BF23B423830077689D /* Project object */;
}
